// !$*UTF8*$!
{
	archiveVersion = 1;
	classes = {
	};
	objectVersion = 50;
	objects = {

/* Begin PBXBuildFile section */
		622C45CD224ADDDD00E312F0 /* AppDelegate.swift in Sources */ = {isa = PBXBuildFile; fileRef = 622C45CC224ADDDD00E312F0 /* AppDelegate.swift */; };
		622C45CF224ADDDD00E312F0 /* ViewController.swift in Sources */ = {isa = PBXBuildFile; fileRef = 622C45CE224ADDDD00E312F0 /* ViewController.swift */; };
		622C45D2224ADDDD00E312F0 /* Main.storyboard in Resources */ = {isa = PBXBuildFile; fileRef = 622C45D0224ADDDD00E312F0 /* Main.storyboard */; };
		622C45D4224ADDE300E312F0 /* Assets.xcassets in Resources */ = {isa = PBXBuildFile; fileRef = 622C45D3224ADDE300E312F0 /* Assets.xcassets */; };
		622C45D7224ADDE300E312F0 /* LaunchScreen.storyboard in Resources */ = {isa = PBXBuildFile; fileRef = 622C45D5224ADDE300E312F0 /* LaunchScreen.storyboard */; };
		622C45E2224ADDE400E312F0 /* TestingTests.swift in Sources */ = {isa = PBXBuildFile; fileRef = 622C45E1224ADDE400E312F0 /* TestingTests.swift */; };
		622C45ED224ADDE400E312F0 /* TestingUITests.swift in Sources */ = {isa = PBXBuildFile; fileRef = 622C45EC224ADDE400E312F0 /* TestingUITests.swift */; };
/* End PBXBuildFile section */

/* Begin PBXContainerItemProxy section */
		622C45DE224ADDE300E312F0 /* PBXContainerItemProxy */ = {
			isa = PBXContainerItemProxy;
			containerPortal = 622C45C1224ADDDD00E312F0 /* Project object */;
			proxyType = 1;
			remoteGlobalIDString = 622C45C8224ADDDD00E312F0;
			remoteInfo = Testing;
		};
		622C45E9224ADDE400E312F0 /* PBXContainerItemProxy */ = {
			isa = PBXContainerItemProxy;
			containerPortal = 622C45C1224ADDDD00E312F0 /* Project object */;
			proxyType = 1;
			remoteGlobalIDString = 622C45C8224ADDDD00E312F0;
			remoteInfo = Testing;
		};
/* End PBXContainerItemProxy section */

/* Begin PBXFileReference section */
		622C45C9224ADDDD00E312F0 /* Testing.app */ = {isa = PBXFileReference; explicitFileType = wrapper.application; includeInIndex = 0; path = Testing.app; sourceTree = BUILT_PRODUCTS_DIR; };
		622C45CC224ADDDD00E312F0 /* AppDelegate.swift */ = {isa = PBXFileReference; lastKnownFileType = sourcecode.swift; path = AppDelegate.swift; sourceTree = "<group>"; };
		622C45CE224ADDDD00E312F0 /* ViewController.swift */ = {isa = PBXFileReference; lastKnownFileType = sourcecode.swift; path = ViewController.swift; sourceTree = "<group>"; };
		622C45D1224ADDDD00E312F0 /* Base */ = {isa = PBXFileReference; lastKnownFileType = file.storyboard; name = Base; path = Base.lproj/Main.storyboard; sourceTree = "<group>"; };
		622C45D3224ADDE300E312F0 /* Assets.xcassets */ = {isa = PBXFileReference; lastKnownFileType = folder.assetcatalog; path = Assets.xcassets; sourceTree = "<group>"; };
		622C45D6224ADDE300E312F0 /* Base */ = {isa = PBXFileReference; lastKnownFileType = file.storyboard; name = Base; path = Base.lproj/LaunchScreen.storyboard; sourceTree = "<group>"; };
		622C45D8224ADDE300E312F0 /* Info.plist */ = {isa = PBXFileReference; lastKnownFileType = text.plist.xml; path = Info.plist; sourceTree = "<group>"; };
		622C45DD224ADDE300E312F0 /* TestingTests.xctest */ = {isa = PBXFileReference; explicitFileType = wrapper.cfbundle; includeInIndex = 0; path = TestingTests.xctest; sourceTree = BUILT_PRODUCTS_DIR; };
		622C45E1224ADDE400E312F0 /* TestingTests.swift */ = {isa = PBXFileReference; lastKnownFileType = sourcecode.swift; path = TestingTests.swift; sourceTree = "<group>"; };
		622C45E3224ADDE400E312F0 /* Info.plist */ = {isa = PBXFileReference; lastKnownFileType = text.plist.xml; path = Info.plist; sourceTree = "<group>"; };
		622C45E8224ADDE400E312F0 /* TestingUITests.xctest */ = {isa = PBXFileReference; explicitFileType = wrapper.cfbundle; includeInIndex = 0; path = TestingUITests.xctest; sourceTree = BUILT_PRODUCTS_DIR; };
		622C45EC224ADDE400E312F0 /* TestingUITests.swift */ = {isa = PBXFileReference; lastKnownFileType = sourcecode.swift; path = TestingUITests.swift; sourceTree = "<group>"; };
		622C45EE224ADDE400E312F0 /* Info.plist */ = {isa = PBXFileReference; lastKnownFileType = text.plist.xml; path = Info.plist; sourceTree = "<group>"; };
/* End PBXFileReference section */

/* Begin PBXFrameworksBuildPhase section */
		622C45C6224ADDDD00E312F0 /* Frameworks */ = {
			isa = PBXFrameworksBuildPhase;
			buildActionMask = 2147483647;
			files = (
			);
			runOnlyForDeploymentPostprocessing = 0;
		};
		622C45DA224ADDE300E312F0 /* Frameworks */ = {
			isa = PBXFrameworksBuildPhase;
			buildActionMask = 2147483647;
			files = (
			);
			runOnlyForDeploymentPostprocessing = 0;
		};
		622C45E5224ADDE400E312F0 /* Frameworks */ = {
			isa = PBXFrameworksBuildPhase;
			buildActionMask = 2147483647;
			files = (
			);
			runOnlyForDeploymentPostprocessing = 0;
		};
/* End PBXFrameworksBuildPhase section */

/* Begin PBXGroup section */
		622C45C0224ADDDD00E312F0 = {
			isa = PBXGroup;
			children = (
				622C45CB224ADDDD00E312F0 /* Testing */,
				622C45E0224ADDE400E312F0 /* TestingTests */,
				622C45EB224ADDE400E312F0 /* TestingUITests */,
				622C45CA224ADDDD00E312F0 /* Products */,
			);
			sourceTree = "<group>";
		};
		622C45CA224ADDDD00E312F0 /* Products */ = {
			isa = PBXGroup;
			children = (
				622C45C9224ADDDD00E312F0 /* Testing.app */,
				622C45DD224ADDE300E312F0 /* TestingTests.xctest */,
				622C45E8224ADDE400E312F0 /* TestingUITests.xctest */,
			);
			name = Products;
			sourceTree = "<group>";
		};
		622C45CB224ADDDD00E312F0 /* Testing */ = {
			isa = PBXGroup;
			children = (
				622C45CC224ADDDD00E312F0 /* AppDelegate.swift */,
				622C45CE224ADDDD00E312F0 /* ViewController.swift */,
				622C45D0224ADDDD00E312F0 /* Main.storyboard */,
				622C45D3224ADDE300E312F0 /* Assets.xcassets */,
				622C45D5224ADDE300E312F0 /* LaunchScreen.storyboard */,
				622C45D8224ADDE300E312F0 /* Info.plist */,
			);
			path = Testing;
			sourceTree = "<group>";
		};
		622C45E0224ADDE400E312F0 /* TestingTests */ = {
			isa = PBXGroup;
			children = (
				622C45E1224ADDE400E312F0 /* TestingTests.swift */,
				622C45E3224ADDE400E312F0 /* Info.plist */,
			);
			path = TestingTests;
			sourceTree = "<group>";
		};
		622C45EB224ADDE400E312F0 /* TestingUITests */ = {
			isa = PBXGroup;
			children = (
				622C45EC224ADDE400E312F0 /* TestingUITests.swift */,
				622C45EE224ADDE400E312F0 /* Info.plist */,
			);
			path = TestingUITests;
			sourceTree = "<group>";
		};
/* End PBXGroup section */

/* Begin PBXNativeTarget section */
		622C45C8224ADDDD00E312F0 /* Testing */ = {
			isa = PBXNativeTarget;
			buildConfigurationList = 622C45F1224ADDE400E312F0 /* Build configuration list for PBXNativeTarget "Testing" */;
			buildPhases = (
				622C45C5224ADDDD00E312F0 /* Sources */,
				622C45C6224ADDDD00E312F0 /* Frameworks */,
				622C45C7224ADDDD00E312F0 /* Resources */,
			);
			buildRules = (
			);
			dependencies = (
			);
			name = Testing;
			productName = Testing;
			productReference = 622C45C9224ADDDD00E312F0 /* Testing.app */;
			productType = "com.apple.product-type.application";
		};
		622C45DC224ADDE300E312F0 /* TestingTests */ = {
			isa = PBXNativeTarget;
			buildConfigurationList = 622C45F4224ADDE400E312F0 /* Build configuration list for PBXNativeTarget "TestingTests" */;
			buildPhases = (
				622C45D9224ADDE300E312F0 /* Sources */,
				622C45DA224ADDE300E312F0 /* Frameworks */,
				622C45DB224ADDE300E312F0 /* Resources */,
			);
			buildRules = (
			);
			dependencies = (
				622C45DF224ADDE300E312F0 /* PBXTargetDependency */,
			);
			name = TestingTests;
			productName = TestingTests;
			productReference = 622C45DD224ADDE300E312F0 /* TestingTests.xctest */;
			productType = "com.apple.product-type.bundle.unit-test";
		};
		622C45E7224ADDE400E312F0 /* TestingUITests */ = {
			isa = PBXNativeTarget;
			buildConfigurationList = 622C45F7224ADDE400E312F0 /* Build configuration list for PBXNativeTarget "TestingUITests" */;
			buildPhases = (
				622C45E4224ADDE400E312F0 /* Sources */,
				622C45E5224ADDE400E312F0 /* Frameworks */,
				622C45E6224ADDE400E312F0 /* Resources */,
			);
			buildRules = (
			);
			dependencies = (
				622C45EA224ADDE400E312F0 /* PBXTargetDependency */,
			);
			name = TestingUITests;
			productName = TestingUITests;
			productReference = 622C45E8224ADDE400E312F0 /* TestingUITests.xctest */;
			productType = "com.apple.product-type.bundle.ui-testing";
		};
/* End PBXNativeTarget section */

/* Begin PBXProject section */
		622C45C1224ADDDD00E312F0 /* Project object */ = {
			isa = PBXProject;
			attributes = {
				LastSwiftUpdateCheck = 1010;
				LastUpgradeCheck = 1010;
				ORGANIZATIONNAME = "Kaitlyn Summers";
				TargetAttributes = {
					622C45C8224ADDDD00E312F0 = {
						CreatedOnToolsVersion = 10.1;
					};
					622C45DC224ADDE300E312F0 = {
						CreatedOnToolsVersion = 10.1;
						TestTargetID = 622C45C8224ADDDD00E312F0;
					};
					622C45E7224ADDE400E312F0 = {
						CreatedOnToolsVersion = 10.1;
						TestTargetID = 622C45C8224ADDDD00E312F0;
					};
				};
			};
			buildConfigurationList = 622C45C4224ADDDD00E312F0 /* Build configuration list for PBXProject "Testing" */;
			compatibilityVersion = "Xcode 9.3";
			developmentRegion = en;
			hasScannedForEncodings = 0;
			knownRegions = (
				en,
				Base,
			);
			mainGroup = 622C45C0224ADDDD00E312F0;
			productRefGroup = 622C45CA224ADDDD00E312F0 /* Products */;
			projectDirPath = "";
			projectRoot = "";
			targets = (
				622C45C8224ADDDD00E312F0 /* Testing */,
				622C45DC224ADDE300E312F0 /* TestingTests */,
				622C45E7224ADDE400E312F0 /* TestingUITests */,
			);
		};
/* End PBXProject section */

/* Begin PBXResourcesBuildPhase section */
		622C45C7224ADDDD00E312F0 /* Resources */ = {
			isa = PBXResourcesBuildPhase;
			buildActionMask = 2147483647;
			files = (
				622C45D7224ADDE300E312F0 /* LaunchScreen.storyboard in Resources */,
				622C45D4224ADDE300E312F0 /* Assets.xcassets in Resources */,
				622C45D2224ADDDD00E312F0 /* Main.storyboard in Resources */,
			);
			runOnlyForDeploymentPostprocessing = 0;
		};
		622C45DB224ADDE300E312F0 /* Resources */ = {
			isa = PBXResourcesBuildPhase;
			buildActionMask = 2147483647;
			files = (
			);
			runOnlyForDeploymentPostprocessing = 0;
		};
		622C45E6224ADDE400E312F0 /* Resources */ = {
			isa = PBXResourcesBuildPhase;
			buildActionMask = 2147483647;
			files = (
			);
			runOnlyForDeploymentPostprocessing = 0;
		};
/* End PBXResourcesBuildPhase section */

/* Begin PBXSourcesBuildPhase section */
		622C45C5224ADDDD00E312F0 /* Sources */ = {
			isa = PBXSourcesBuildPhase;
			buildActionMask = 2147483647;
			files = (
				622C45CF224ADDDD00E312F0 /* ViewController.swift in Sources */,
				622C45CD224ADDDD00E312F0 /* AppDelegate.swift in Sources */,
			);
			runOnlyForDeploymentPostprocessing = 0;
		};
		622C45D9224ADDE300E312F0 /* Sources */ = {
			isa = PBXSourcesBuildPhase;
			buildActionMask = 2147483647;
			files = (
				622C45E2224ADDE400E312F0 /* TestingTests.swift in Sources */,
			);
			runOnlyForDeploymentPostprocessing = 0;
		};
		622C45E4224ADDE400E312F0 /* Sources */ = {
			isa = PBXSourcesBuildPhase;
			buildActionMask = 2147483647;
			files = (
				622C45ED224ADDE400E312F0 /* TestingUITests.swift in Sources */,
			);
			runOnlyForDeploymentPostprocessing = 0;
		};
/* End PBXSourcesBuildPhase section */

/* Begin PBXTargetDependency section */
		622C45DF224ADDE300E312F0 /* PBXTargetDependency */ = {
			isa = PBXTargetDependency;
			target = 622C45C8224ADDDD00E312F0 /* Testing */;
			targetProxy = 622C45DE224ADDE300E312F0 /* PBXContainerItemProxy */;
		};
		622C45EA224ADDE400E312F0 /* PBXTargetDependency */ = {
			isa = PBXTargetDependency;
			target = 622C45C8224ADDDD00E312F0 /* Testing */;
			targetProxy = 622C45E9224ADDE400E312F0 /* PBXContainerItemProxy */;
		};
/* End PBXTargetDependency section */

/* Begin PBXVariantGroup section */
		622C45D0224ADDDD00E312F0 /* Main.storyboard */ = {
			isa = PBXVariantGroup;
			children = (
				622C45D1224ADDDD00E312F0 /* Base */,
			);
			name = Main.storyboard;
			sourceTree = "<group>";
		};
		622C45D5224ADDE300E312F0 /* LaunchScreen.storyboard */ = {
			isa = PBXVariantGroup;
			children = (
				622C45D6224ADDE300E312F0 /* Base */,
			);
			name = LaunchScreen.storyboard;
			sourceTree = "<group>";
		};
/* End PBXVariantGroup section */

/* Begin XCBuildConfiguration section */
		622C45EF224ADDE400E312F0 /* Debug */ = {
			isa = XCBuildConfiguration;
			buildSettings = {
				ALWAYS_SEARCH_USER_PATHS = NO;
				CLANG_ANALYZER_NONNULL = YES;
				CLANG_ANALYZER_NUMBER_OBJECT_CONVERSION = YES_AGGRESSIVE;
				CLANG_CXX_LANGUAGE_STANDARD = "gnu++14";
				CLANG_CXX_LIBRARY = "libc++";
				CLANG_ENABLE_MODULES = YES;
				CLANG_ENABLE_OBJC_ARC = YES;
				CLANG_ENABLE_OBJC_WEAK = YES;
				CLANG_WARN_BLOCK_CAPTURE_AUTORELEASING = YES;
				CLANG_WARN_BOOL_CONVERSION = YES;
				CLANG_WARN_COMMA = YES;
				CLANG_WARN_CONSTANT_CONVERSION = YES;
				CLANG_WARN_DEPRECATED_OBJC_IMPLEMENTATIONS = YES;
				CLANG_WARN_DIRECT_OBJC_ISA_USAGE = YES_ERROR;
				CLANG_WARN_DOCUMENTATION_COMMENTS = YES;
				CLANG_WARN_EMPTY_BODY = YES;
				CLANG_WARN_ENUM_CONVERSION = YES;
				CLANG_WARN_INFINITE_RECURSION = YES;
				CLANG_WARN_INT_CONVERSION = YES;
				CLANG_WARN_NON_LITERAL_NULL_CONVERSION = YES;
				CLANG_WARN_OBJC_IMPLICIT_RETAIN_SELF = YES;
				CLANG_WARN_OBJC_LITERAL_CONVERSION = YES;
				CLANG_WARN_OBJC_ROOT_CLASS = YES_ERROR;
				CLANG_WARN_RANGE_LOOP_ANALYSIS = YES;
				CLANG_WARN_STRICT_PROTOTYPES = YES;
				CLANG_WARN_SUSPICIOUS_MOVE = YES;
				CLANG_WARN_UNGUARDED_AVAILABILITY = YES_AGGRESSIVE;
				CLANG_WARN_UNREACHABLE_CODE = YES;
				CLANG_WARN__DUPLICATE_METHOD_MATCH = YES;
				CODE_SIGN_IDENTITY = "iPhone Developer";
				COPY_PHASE_STRIP = NO;
				DEBUG_INFORMATION_FORMAT = dwarf;
				ENABLE_STRICT_OBJC_MSGSEND = YES;
				ENABLE_TESTABILITY = YES;
				GCC_C_LANGUAGE_STANDARD = gnu11;
				GCC_DYNAMIC_NO_PIC = NO;
				GCC_NO_COMMON_BLOCKS = YES;
				GCC_OPTIMIZATION_LEVEL = 0;
				GCC_PREPROCESSOR_DEFINITIONS = (
					"DEBUG=1",
					"$(inherited)",
				);
				GCC_WARN_64_TO_32_BIT_CONVERSION = YES;
				GCC_WARN_ABOUT_RETURN_TYPE = YES_ERROR;
				GCC_WARN_UNDECLARED_SELECTOR = YES;
				GCC_WARN_UNINITIALIZED_AUTOS = YES_AGGRESSIVE;
				GCC_WARN_UNUSED_FUNCTION = YES;
				GCC_WARN_UNUSED_VARIABLE = YES;
				IPHONEOS_DEPLOYMENT_TARGET = 12.1;
				MTL_ENABLE_DEBUG_INFO = INCLUDE_SOURCE;
				MTL_FAST_MATH = YES;
				ONLY_ACTIVE_ARCH = YES;
				SDKROOT = iphoneos;
				SWIFT_ACTIVE_COMPILATION_CONDITIONS = DEBUG;
				SWIFT_OPTIMIZATION_LEVEL = "-Onone";
			};
			name = Debug;
		};
		622C45F0224ADDE400E312F0 /* Release */ = {
			isa = XCBuildConfiguration;
			buildSettings = {
				ALWAYS_SEARCH_USER_PATHS = NO;
				CLANG_ANALYZER_NONNULL = YES;
				CLANG_ANALYZER_NUMBER_OBJECT_CONVERSION = YES_AGGRESSIVE;
				CLANG_CXX_LANGUAGE_STANDARD = "gnu++14";
				CLANG_CXX_LIBRARY = "libc++";
				CLANG_ENABLE_MODULES = YES;
				CLANG_ENABLE_OBJC_ARC = YES;
				CLANG_ENABLE_OBJC_WEAK = YES;
				CLANG_WARN_BLOCK_CAPTURE_AUTORELEASING = YES;
				CLANG_WARN_BOOL_CONVERSION = YES;
				CLANG_WARN_COMMA = YES;
				CLANG_WARN_CONSTANT_CONVERSION = YES;
				CLANG_WARN_DEPRECATED_OBJC_IMPLEMENTATIONS = YES;
				CLANG_WARN_DIRECT_OBJC_ISA_USAGE = YES_ERROR;
				CLANG_WARN_DOCUMENTATION_COMMENTS = YES;
				CLANG_WARN_EMPTY_BODY = YES;
				CLANG_WARN_ENUM_CONVERSION = YES;
				CLANG_WARN_INFINITE_RECURSION = YES;
				CLANG_WARN_INT_CONVERSION = YES;
				CLANG_WARN_NON_LITERAL_NULL_CONVERSION = YES;
				CLANG_WARN_OBJC_IMPLICIT_RETAIN_SELF = YES;
				CLANG_WARN_OBJC_LITERAL_CONVERSION = YES;
				CLANG_WARN_OBJC_ROOT_CLASS = YES_ERROR;
				CLANG_WARN_RANGE_LOOP_ANALYSIS = YES;
				CLANG_WARN_STRICT_PROTOTYPES = YES;
				CLANG_WARN_SUSPICIOUS_MOVE = YES;
				CLANG_WARN_UNGUARDED_AVAILABILITY = YES_AGGRESSIVE;
				CLANG_WARN_UNREACHABLE_CODE = YES;
				CLANG_WARN__DUPLICATE_METHOD_MATCH = YES;
				CODE_SIGN_IDENTITY = "iPhone Developer";
				COPY_PHASE_STRIP = NO;
				DEBUG_INFORMATION_FORMAT = "dwarf-with-dsym";
				ENABLE_NS_ASSERTIONS = NO;
				ENABLE_STRICT_OBJC_MSGSEND = YES;
				GCC_C_LANGUAGE_STANDARD = gnu11;
				GCC_NO_COMMON_BLOCKS = YES;
				GCC_WARN_64_TO_32_BIT_CONVERSION = YES;
				GCC_WARN_ABOUT_RETURN_TYPE = YES_ERROR;
				GCC_WARN_UNDECLARED_SELECTOR = YES;
				GCC_WARN_UNINITIALIZED_AUTOS = YES_AGGRESSIVE;
				GCC_WARN_UNUSED_FUNCTION = YES;
				GCC_WARN_UNUSED_VARIABLE = YES;
				IPHONEOS_DEPLOYMENT_TARGET = 12.1;
				MTL_ENABLE_DEBUG_INFO = NO;
				MTL_FAST_MATH = YES;
				SDKROOT = iphoneos;
				SWIFT_COMPILATION_MODE = wholemodule;
				SWIFT_OPTIMIZATION_LEVEL = "-O";
				VALIDATE_PRODUCT = YES;
			};
			name = Release;
		};
		622C45F2224ADDE400E312F0 /* Debug */ = {
			isa = XCBuildConfiguration;
			buildSettings = {
				ASSETCATALOG_COMPILER_APPICON_NAME = AppIcon;
				CODE_SIGN_STYLE = Automatic;
				DEVELOPMENT_TEAM = U527455HLK;
				INFOPLIST_FILE = Testing/Info.plist;
				LD_RUNPATH_SEARCH_PATHS = (
					"$(inherited)",
					"@executable_path/Frameworks",
				);
				PRODUCT_BUNDLE_IDENTIFIER = Work.practice;
				PRODUCT_NAME = "$(TARGET_NAME)";
				SWIFT_VERSION = 4.2;
				TARGETED_DEVICE_FAMILY = "1,2";
			};
			name = Debug;
		};
		622C45F3224ADDE400E312F0 /* Release */ = {
			isa = XCBuildConfiguration;
			buildSettings = {
				ASSETCATALOG_COMPILER_APPICON_NAME = AppIcon;
				CODE_SIGN_STYLE = Automatic;
				DEVELOPMENT_TEAM = U527455HLK;
				INFOPLIST_FILE = Testing/Info.plist;
				LD_RUNPATH_SEARCH_PATHS = (
					"$(inherited)",
					"@executable_path/Frameworks",
				);
				PRODUCT_BUNDLE_IDENTIFIER = Work.practice;
				PRODUCT_NAME = "$(TARGET_NAME)";
				SWIFT_VERSION = 4.2;
				TARGETED_DEVICE_FAMILY = "1,2";
			};
			name = Release;
		};
		622C45F5224ADDE400E312F0 /* Debug */ = {
			isa = XCBuildConfiguration;
			buildSettings = {
				ALWAYS_EMBED_SWIFT_STANDARD_LIBRARIES = YES;
				BUNDLE_LOADER = "$(TEST_HOST)";
				CODE_SIGN_STYLE = Automatic;
				INFOPLIST_FILE = TestingTests/Info.plist;
				LD_RUNPATH_SEARCH_PATHS = (
					"$(inherited)",
					"@executable_path/Frameworks",
					"@loader_path/Frameworks",
				);
				PRODUCT_BUNDLE_IDENTIFIER = Work.TestingTests;
				PRODUCT_NAME = "$(TARGET_NAME)";
				SWIFT_VERSION = 4.2;
				TARGETED_DEVICE_FAMILY = "1,2";
				TEST_HOST = "$(BUILT_PRODUCTS_DIR)/Testing.app/Testing";
			};
			name = Debug;
		};
		622C45F6224ADDE400E312F0 /* Release */ = {
			isa = XCBuildConfiguration;
			buildSettings = {
				ALWAYS_EMBED_SWIFT_STANDARD_LIBRARIES = YES;
				BUNDLE_LOADER = "$(TEST_HOST)";
				CODE_SIGN_STYLE = Automatic;
				INFOPLIST_FILE = TestingTests/Info.plist;
				LD_RUNPATH_SEARCH_PATHS = (
					"$(inherited)",
					"@executable_path/Frameworks",
					"@loader_path/Frameworks",
				);
				PRODUCT_BUNDLE_IDENTIFIER = Work.TestingTests;
				PRODUCT_NAME = "$(TARGET_NAME)";
				SWIFT_VERSION = 4.2;
				TARGETED_DEVICE_FAMILY = "1,2";
				TEST_HOST = "$(BUILT_PRODUCTS_DIR)/Testing.app/Testing";
			};
			name = Release;
		};
		622C45F8224ADDE400E312F0 /* Debug */ = {
			isa = XCBuildConfiguration;
			buildSettings = {
				ALWAYS_EMBED_SWIFT_STANDARD_LIBRARIES = YES;
				CODE_SIGN_STYLE = Automatic;
				INFOPLIST_FILE = TestingUITests/Info.plist;
				LD_RUNPATH_SEARCH_PATHS = (
					"$(inherited)",
					"@executable_path/Frameworks",
					"@loader_path/Frameworks",
				);
				PRODUCT_BUNDLE_IDENTIFIER = Work.TestingUITests;
				PRODUCT_NAME = "$(TARGET_NAME)";
				SWIFT_VERSION = 4.2;
				TARGETED_DEVICE_FAMILY = "1,2";
				TEST_TARGET_NAME = Testing;
			};
			name = Debug;
		};
		622C45F9224ADDE400E312F0 /* Release */ = {
			isa = XCBuildConfiguration;
			buildSettings = {
				ALWAYS_EMBED_SWIFT_STANDARD_LIBRARIES = YES;
				CODE_SIGN_STYLE = Automatic;
				INFOPLIST_FILE = TestingUITests/Info.plist;
				LD_RUNPATH_SEARCH_PATHS = (
					"$(inherited)",
					"@executable_path/Frameworks",
					"@loader_path/Frameworks",
				);
				PRODUCT_BUNDLE_IDENTIFIER = Work.TestingUITests;
				PRODUCT_NAME = "$(TARGET_NAME)";
				SWIFT_VERSION = 4.2;
				TARGETED_DEVICE_FAMILY = "1,2";
				TEST_TARGET_NAME = Testing;
			};
			name = Release;
		};
/* End XCBuildConfiguration section */

/* Begin XCConfigurationList section */
		622C45C4224ADDDD00E312F0 /* Build configuration list for PBXProject "Testing" */ = {
			isa = XCConfigurationList;
			buildConfigurations = (
				622C45EF224ADDE400E312F0 /* Debug */,
				622C45F0224ADDE400E312F0 /* Release */,
			);
			defaultConfigurationIsVisible = 0;
			defaultConfigurationName = Release;
		};
		622C45F1224ADDE400E312F0 /* Build configuration list for PBXNativeTarget "Testing" */ = {
			isa = XCConfigurationList;
			buildConfigurations = (
				622C45F2224ADDE400E312F0 /* Debug */,
				622C45F3224ADDE400E312F0 /* Release */,
			);
			defaultConfigurationIsVisible = 0;
			defaultConfigurationName = Release;
		};
		622C45F4224ADDE400E312F0 /* Build configuration list for PBXNativeTarget "TestingTests" */ = {
			isa = XCConfigurationList;
			buildConfigurations = (
				622C45F5224ADDE400E312F0 /* Debug */,
				622C45F6224ADDE400E312F0 /* Release */,
			);
			defaultConfigurationIsVisible = 0;
			defaultConfigurationName = Release;
		};
		622C45F7224ADDE400E312F0 /* Build configuration list for PBXNativeTarget "TestingUITests" */ = {
			isa = XCConfigurationList;
			buildConfigurations = (
				622C45F8224ADDE400E312F0 /* Debug */,
				622C45F9224ADDE400E312F0 /* Release */,
			);
			defaultConfigurationIsVisible = 0;
			defaultConfigurationName = Release;
		};
/* End XCConfigurationList section */
	};
	rootObject = 622C45C1224ADDDD00E312F0 /* Project object */;
}
